
Microsoft Visual Studio Solution File, Format Version 12.00
# Visual Studio Version 16
VisualStudioVersion = 16.0.32510.428
MinimumVisualStudioVersion = 10.0.40219.1
Project("{FAE04EC0-301F-11D3-BF4B-00C04F79EFBC}") = "MinesweeperGeneratorForDiscord", "MinesweeperGeneratorForDiscord\MinesweeperGeneratorForDiscord.csproj", "{5D2641DC-FE5E-48C9-B335-12ADB5990CE6}"
EndProject
Global
	GlobalSection(SolutionConfigurationPlatforms) = preSolution
		Debug|Any CPU = Debug|Any CPU
		Release|Any CPU = Release|Any CPU
	EndGlobalSection
	GlobalSection(ProjectConfigurationPlatforms) = postSolution
		{5D2641DC-FE5E-48C9-B335-12ADB5990CE6}.Debug|Any CPU.ActiveCfg = Debug|Any CPU
		{5D2641DC-FE5E-48C9-B335-12ADB5990CE6}.Debug|Any CPU.Build.0 = Debug|Any CPU
		{5D2641DC-FE5E-48C9-B335-12ADB5990CE6}.Release|Any CPU.ActiveCfg = Release|Any CPU
		{5D2641DC-FE5E-48C9-B335-12ADB5990CE6}.Release|Any CPU.Build.0 = Release|Any CPU
	EndGlobalSection
	GlobalSection(SolutionProperties) = preSolution
		HideSolutionNode = FALSE
	EndGlobalSection
	GlobalSection(ExtensibilityGlobals) = postSolution
		SolutionGuid = {D69939C3-D2ED-4A67-A42E-A17469F1348F}
	EndGlobalSection
EndGlobal
